
Microsoft Visual Studio Solution File, Format Version 12.00
# Visual Studio Version 17
VisualStudioVersion = 17.13.35825.156
MinimumVisualStudioVersion = 10.0.40219.1
Project("{FAE04EC0-301F-11D3-BF4B-00C04F79EFBC}") = "RepoAntiCheatPatcher", "RepoAntiCheatPatcher\RepoAntiCheatPatcher.csproj", "{9D5E2BA4-1303-4256-B6A6-AC6214FB8FEA}"
EndProject
Project("{FAE04EC0-301F-11D3-BF4B-00C04F79EFBC}") = "RepoAntiCheat", "RepoAntiCheat\RepoAntiCheat.csproj", "{78C0D4BB-9445-4575-9320-205C7D60AA3D}"
EndProject
Global
	GlobalSection(SolutionConfigurationPlatforms) = preSolution
		Debug|Any CPU = Debug|Any CPU
		Release|Any CPU = Release|Any CPU
	EndGlobalSection
	GlobalSection(ProjectConfigurationPlatforms) = postSolution
		{9D5E2BA4-1303-4256-B6A6-AC6214FB8FEA}.Debug|Any CPU.ActiveCfg = Debug|Any CPU
		{9D5E2BA4-1303-4256-B6A6-AC6214FB8FEA}.Debug|Any CPU.Build.0 = Debug|Any CPU
		{9D5E2BA4-1303-4256-B6A6-AC6214FB8FEA}.Release|Any CPU.ActiveCfg = Release|Any CPU
		{9D5E2BA4-1303-4256-B6A6-AC6214FB8FEA}.Release|Any CPU.Build.0 = Release|Any CPU
		{78C0D4BB-9445-4575-9320-205C7D60AA3D}.Debug|Any CPU.ActiveCfg = Debug|Any CPU
		{78C0D4BB-9445-4575-9320-205C7D60AA3D}.Debug|Any CPU.Build.0 = Debug|Any CPU
		{78C0D4BB-9445-4575-9320-205C7D60AA3D}.Release|Any CPU.ActiveCfg = Release|Any CPU
		{78C0D4BB-9445-4575-9320-205C7D60AA3D}.Release|Any CPU.Build.0 = Release|Any CPU
	EndGlobalSection
	GlobalSection(SolutionProperties) = preSolution
		HideSolutionNode = FALSE
	EndGlobalSection
	GlobalSection(ExtensibilityGlobals) = postSolution
		SolutionGuid = {7E302BA1-5428-4BF5-BD09-F55B5D911EC7}
	EndGlobalSection
EndGlobal
